
Microsoft Visual Studio Solution File, Format Version 12.00
# Visual Studio Version 17
VisualStudioVersion = 17.13.35913.81
MinimumVisualStudioVersion = 10.0.40219.1
Project("{FAE04EC0-301F-11D3-BF4B-00C04F79EFBC}") = "ServiceHost", "ServiceHost\ServiceHost.csproj", "{40745A28-E50E-9372-63BD-63FCD7C3B447}"
EndProject
Project("{FAE04EC0-301F-11D3-BF4B-00C04F79EFBC}") = "01_Framework", "01_Framework\01_Framework.csproj", "{93E9EB7A-AB24-6BD2-3929-297F362DE215}"
EndProject
Project("{FAE04EC0-301F-11D3-BF4B-00C04F79EFBC}") = "02_Query", "02_Query\02_Query.csproj", "{76CBBD43-E9F4-A9D2-614B-2A97E684101A}"
EndProject
Project("{FAE04EC0-301F-11D3-BF4B-00C04F79EFBC}") = "AccountManagement.Application", "AccountManagement.Application\AccountManagement.Application.csproj", "{6D95E8BE-3984-4024-9C38-FD001B9EF0AD}"
EndProject
Project("{FAE04EC0-301F-11D3-BF4B-00C04F79EFBC}") = "AccountManagement.Domain", "AccountManagement.Domain\AccountManagement.Domain.csproj", "{61EED481-F72F-4946-1DB6-868B1ECD89E9}"
EndProject
Project("{FAE04EC0-301F-11D3-BF4B-00C04F79EFBC}") = "AccountManagement.Infrastructure.Configuration", "AccountManagement.Infrastructure.Configuration\AccountManagement.Infrastructure.Configuration.csproj", "{8A562463-3CA4-1416-9A13-69F66BE03EDF}"
EndProject
Project("{FAE04EC0-301F-11D3-BF4B-00C04F79EFBC}") = "AccountManagement.Infrastructure.EFCore", "AccountManagement.Infrastructure.EFCore\AccountManagement.Infrastructure.EFCore.csproj", "{2E582842-35B9-F129-CFD2-1A6A3B8769B5}"
EndProject
Project("{FAE04EC0-301F-11D3-BF4B-00C04F79EFBC}") = "AccountManagement.Application.Contract", "AccoutManagement.Application.Contract\AccountManagement.Application.Contract.csproj", "{5EE2BDA7-EA55-D5FC-B05D-49E9ECCDA709}"
EndProject
Project("{FAE04EC0-301F-11D3-BF4B-00C04F79EFBC}") = "MessageManagement.Application", "MessageManagement.Application\MessageManagement.Application.csproj", "{B6CEA4E0-C344-5112-C94A-A67FCEFAF1D1}"
EndProject
Project("{FAE04EC0-301F-11D3-BF4B-00C04F79EFBC}") = "MessageManagement.Application.Contract", "MessageManagement.Application.Contract\MessageManagement.Application.Contract.csproj", "{85F32B63-F296-7809-C2E3-A42AF4DA0B2E}"
EndProject
Project("{FAE04EC0-301F-11D3-BF4B-00C04F79EFBC}") = "MessageManagement.Domain", "MessageManagement.Domain\MessageManagement.Domain.csproj", "{8BAF98CE-29A1-EED2-F313-DB4C104DAB22}"
EndProject
Project("{FAE04EC0-301F-11D3-BF4B-00C04F79EFBC}") = "MessageManagement.Infrastructure.Configuration", "MessageManagement.Infrastructure.Configuration\MessageManagement.Infrastructure.Configuration.csproj", "{03EB09EF-6E3C-6532-3001-7111330952A7}"
EndProject
Project("{FAE04EC0-301F-11D3-BF4B-00C04F79EFBC}") = "MessageManagement.Infrastructure.EFCore", "MessageManagement.Infrastructure.EFCore\MessageManagement.Infrastructure.EFCore.csproj", "{E486223A-53DC-AF64-6C99-B0ADC7F25DE5}"
EndProject
Project("{FAE04EC0-301F-11D3-BF4B-00C04F79EFBC}") = "StudyManagement.Application", "StudyManagement.Application\StudyManagement.Application.csproj", "{92BD57EE-21E8-EC1B-684E-8E87A8344381}"
EndProject
Project("{FAE04EC0-301F-11D3-BF4B-00C04F79EFBC}") = "StudyManagement.Application.Contracts", "StudyManagement.Application.Contracts\StudyManagement.Application.Contracts.csproj", "{384262B3-CEE2-5520-C43B-5A6FF93217F1}"
EndProject
Project("{2150E333-8FDC-42A3-9474-1A3956D46DE8}") = "StudyManagement", "StudyManagement", "{02EA681E-C7D8-13C7-8484-4AC65E1B71E8}"
EndProject
Project("{FAE04EC0-301F-11D3-BF4B-00C04F79EFBC}") = "StudyManagement.Domain", "StudyManagement.Domain\StudyManagement.Domain.csproj", "{84AADB69-5AAF-EF38-EE58-4714C5256EBB}"
EndProject
Project("{FAE04EC0-301F-11D3-BF4B-00C04F79EFBC}") = "StudyManagement.Infrastructure.Configuration", "StudyManagement.Infrastructure.Configuration\StudyManagement.Infrastructure.Configuration.csproj", "{8B785720-A1C6-3FD0-F5A3-A2BEFEF459B7}"
EndProject
Project("{FAE04EC0-301F-11D3-BF4B-00C04F79EFBC}") = "StudyManagement.Infrastructure.EFCore", "StudyManagement.Infrastructure.EFCore\StudyManagement.Infrastructure.EFCore.csproj", "{A0B8F369-BC9A-E9B7-5D0F-960C1CD5FC58}"
EndProject
Project("{2150E333-8FDC-42A3-9474-1A3956D46DE8}") = "SM.Domain", "SM.Domain", "{92F5477C-6F3A-43F5-BD4F-7E83FAC44D73}"
EndProject
Project("{2150E333-8FDC-42A3-9474-1A3956D46DE8}") = "SM.Application", "SM.Application", "{93A73CE3-A06D-44A7-9B74-93376FA8D683}"
EndProject
Project("{2150E333-8FDC-42A3-9474-1A3956D46DE8}") = "SM.Infrastructure", "SM.Infrastructure", "{89D4FE3E-C5CC-4C7F-A789-91969684A4E1}"
EndProject
Project("{2150E333-8FDC-42A3-9474-1A3956D46DE8}") = "AccountManagement", "AccountManagement", "{9CFEEB58-23B8-49F8-B3CE-769177FE5FEE}"
EndProject
Project("{2150E333-8FDC-42A3-9474-1A3956D46DE8}") = "AM.Domain", "AM.Domain", "{5631BA3D-3C72-448C-970C-068EBC0847F6}"
EndProject
Project("{2150E333-8FDC-42A3-9474-1A3956D46DE8}") = "AM.Application", "AM.Application", "{C9803491-1112-443A-B4E8-4A1145E6C6D6}"
EndProject
Project("{2150E333-8FDC-42A3-9474-1A3956D46DE8}") = "AM.Infrastructure", "AM.Infrastructure", "{B09FDC57-8243-417D-921D-1C93DA92BF70}"
EndProject
Project("{2150E333-8FDC-42A3-9474-1A3956D46DE8}") = "MsssageManagement", "MsssageManagement", "{6AC7CB2D-1AA2-46CC-81D4-32855F7AED10}"
EndProject
Project("{2150E333-8FDC-42A3-9474-1A3956D46DE8}") = "MM.Domain", "MM.Domain", "{2E87FC07-2287-4320-8C7A-FDBB3301E6B0}"
EndProject
Project("{2150E333-8FDC-42A3-9474-1A3956D46DE8}") = "MM.Application", "MM.Application", "{E998605F-03C3-4927-A5F7-84AD51C8BAB8}"
EndProject
Project("{2150E333-8FDC-42A3-9474-1A3956D46DE8}") = "MM.Infrastructure", "MM.Infrastructure", "{81050666-3144-4BF8-89AD-6F66D28E0542}"
EndProject
Global
	GlobalSection(SolutionConfigurationPlatforms) = preSolution
		Debug|Any CPU = Debug|Any CPU
		Release|Any CPU = Release|Any CPU
	EndGlobalSection
	GlobalSection(ProjectConfigurationPlatforms) = postSolution
		{40745A28-E50E-9372-63BD-63FCD7C3B447}.Debug|Any CPU.ActiveCfg = Debug|Any CPU
		{40745A28-E50E-9372-63BD-63FCD7C3B447}.Debug|Any CPU.Build.0 = Debug|Any CPU
		{40745A28-E50E-9372-63BD-63FCD7C3B447}.Release|Any CPU.ActiveCfg = Release|Any CPU
		{40745A28-E50E-9372-63BD-63FCD7C3B447}.Release|Any CPU.Build.0 = Release|Any CPU
		{93E9EB7A-AB24-6BD2-3929-297F362DE215}.Debug|Any CPU.ActiveCfg = Debug|Any CPU
		{93E9EB7A-AB24-6BD2-3929-297F362DE215}.Debug|Any CPU.Build.0 = Debug|Any CPU
		{93E9EB7A-AB24-6BD2-3929-297F362DE215}.Release|Any CPU.ActiveCfg = Release|Any CPU
		{93E9EB7A-AB24-6BD2-3929-297F362DE215}.Release|Any CPU.Build.0 = Release|Any CPU
		{76CBBD43-E9F4-A9D2-614B-2A97E684101A}.Debug|Any CPU.ActiveCfg = Debug|Any CPU
		{76CBBD43-E9F4-A9D2-614B-2A97E684101A}.Debug|Any CPU.Build.0 = Debug|Any CPU
		{76CBBD43-E9F4-A9D2-614B-2A97E684101A}.Release|Any CPU.ActiveCfg = Release|Any CPU
		{76CBBD43-E9F4-A9D2-614B-2A97E684101A}.Release|Any CPU.Build.0 = Release|Any CPU
		{6D95E8BE-3984-4024-9C38-FD001B9EF0AD}.Debug|Any CPU.ActiveCfg = Debug|Any CPU
		{6D95E8BE-3984-4024-9C38-FD001B9EF0AD}.Debug|Any CPU.Build.0 = Debug|Any CPU
		{6D95E8BE-3984-4024-9C38-FD001B9EF0AD}.Release|Any CPU.ActiveCfg = Release|Any CPU
		{6D95E8BE-3984-4024-9C38-FD001B9EF0AD}.Release|Any CPU.Build.0 = Release|Any CPU
		{61EED481-F72F-4946-1DB6-868B1ECD89E9}.Debug|Any CPU.ActiveCfg = Debug|Any CPU
		{61EED481-F72F-4946-1DB6-868B1ECD89E9}.Debug|Any CPU.Build.0 = Debug|Any CPU
		{61EED481-F72F-4946-1DB6-868B1ECD89E9}.Release|Any CPU.ActiveCfg = Release|Any CPU
		{61EED481-F72F-4946-1DB6-868B1ECD89E9}.Release|Any CPU.Build.0 = Release|Any CPU
		{8A562463-3CA4-1416-9A13-69F66BE03EDF}.Debug|Any CPU.ActiveCfg = Debug|Any CPU
		{8A562463-3CA4-1416-9A13-69F66BE03EDF}.Debug|Any CPU.Build.0 = Debug|Any CPU
		{8A562463-3CA4-1416-9A13-69F66BE03EDF}.Release|Any CPU.ActiveCfg = Release|Any CPU
		{8A562463-3CA4-1416-9A13-69F66BE03EDF}.Release|Any CPU.Build.0 = Release|Any CPU
		{2E582842-35B9-F129-CFD2-1A6A3B8769B5}.Debug|Any CPU.ActiveCfg = Debug|Any CPU
		{2E582842-35B9-F129-CFD2-1A6A3B8769B5}.Debug|Any CPU.Build.0 = Debug|Any CPU
		{2E582842-35B9-F129-CFD2-1A6A3B8769B5}.Release|Any CPU.ActiveCfg = Release|Any CPU
		{2E582842-35B9-F129-CFD2-1A6A3B8769B5}.Release|Any CPU.Build.0 = Release|Any CPU
		{5EE2BDA7-EA55-D5FC-B05D-49E9ECCDA709}.Debug|Any CPU.ActiveCfg = Debug|Any CPU
		{5EE2BDA7-EA55-D5FC-B05D-49E9ECCDA709}.Debug|Any CPU.Build.0 = Debug|Any CPU
		{5EE2BDA7-EA55-D5FC-B05D-49E9ECCDA709}.Release|Any CPU.ActiveCfg = Release|Any CPU
		{5EE2BDA7-EA55-D5FC-B05D-49E9ECCDA709}.Release|Any CPU.Build.0 = Release|Any CPU
		{B6CEA4E0-C344-5112-C94A-A67FCEFAF1D1}.Debug|Any CPU.ActiveCfg = Debug|Any CPU
		{B6CEA4E0-C344-5112-C94A-A67FCEFAF1D1}.Debug|Any CPU.Build.0 = Debug|Any CPU
		{B6CEA4E0-C344-5112-C94A-A67FCEFAF1D1}.Release|Any CPU.ActiveCfg = Release|Any CPU
		{B6CEA4E0-C344-5112-C94A-A67FCEFAF1D1}.Release|Any CPU.Build.0 = Release|Any CPU
		{85F32B63-F296-7809-C2E3-A42AF4DA0B2E}.Debug|Any CPU.ActiveCfg = Debug|Any CPU
		{85F32B63-F296-7809-C2E3-A42AF4DA0B2E}.Debug|Any CPU.Build.0 = Debug|Any CPU
		{85F32B63-F296-7809-C2E3-A42AF4DA0B2E}.Release|Any CPU.ActiveCfg = Release|Any CPU
		{85F32B63-F296-7809-C2E3-A42AF4DA0B2E}.Release|Any CPU.Build.0 = Release|Any CPU
		{8BAF98CE-29A1-EED2-F313-DB4C104DAB22}.Debug|Any CPU.ActiveCfg = Debug|Any CPU
		{8BAF98CE-29A1-EED2-F313-DB4C104DAB22}.Debug|Any CPU.Build.0 = Debug|Any CPU
		{8BAF98CE-29A1-EED2-F313-DB4C104DAB22}.Release|Any CPU.ActiveCfg = Release|Any CPU
		{8BAF98CE-29A1-EED2-F313-DB4C104DAB22}.Release|Any CPU.Build.0 = Release|Any CPU
		{03EB09EF-6E3C-6532-3001-7111330952A7}.Debug|Any CPU.ActiveCfg = Debug|Any CPU
		{03EB09EF-6E3C-6532-3001-7111330952A7}.Debug|Any CPU.Build.0 = Debug|Any CPU
		{03EB09EF-6E3C-6532-3001-7111330952A7}.Release|Any CPU.ActiveCfg = Release|Any CPU
		{03EB09EF-6E3C-6532-3001-7111330952A7}.Release|Any CPU.Build.0 = Release|Any CPU
		{E486223A-53DC-AF64-6C99-B0ADC7F25DE5}.Debug|Any CPU.ActiveCfg = Debug|Any CPU
		{E486223A-53DC-AF64-6C99-B0ADC7F25DE5}.Debug|Any CPU.Build.0 = Debug|Any CPU
		{E486223A-53DC-AF64-6C99-B0ADC7F25DE5}.Release|Any CPU.ActiveCfg = Release|Any CPU
		{E486223A-53DC-AF64-6C99-B0ADC7F25DE5}.Release|Any CPU.Build.0 = Release|Any CPU
		{92BD57EE-21E8-EC1B-684E-8E87A8344381}.Debug|Any CPU.ActiveCfg = Debug|Any CPU
		{92BD57EE-21E8-EC1B-684E-8E87A8344381}.Debug|Any CPU.Build.0 = Debug|Any CPU
		{92BD57EE-21E8-EC1B-684E-8E87A8344381}.Release|Any CPU.ActiveCfg = Release|Any CPU
		{92BD57EE-21E8-EC1B-684E-8E87A8344381}.Release|Any CPU.Build.0 = Release|Any CPU
		{384262B3-CEE2-5520-C43B-5A6FF93217F1}.Debug|Any CPU.ActiveCfg = Debug|Any CPU
		{384262B3-CEE2-5520-C43B-5A6FF93217F1}.Debug|Any CPU.Build.0 = Debug|Any CPU
		{384262B3-CEE2-5520-C43B-5A6FF93217F1}.Release|Any CPU.ActiveCfg = Release|Any CPU
		{384262B3-CEE2-5520-C43B-5A6FF93217F1}.Release|Any CPU.Build.0 = Release|Any CPU
		{84AADB69-5AAF-EF38-EE58-4714C5256EBB}.Debug|Any CPU.ActiveCfg = Debug|Any CPU
		{84AADB69-5AAF-EF38-EE58-4714C5256EBB}.Debug|Any CPU.Build.0 = Debug|Any CPU
		{84AADB69-5AAF-EF38-EE58-4714C5256EBB}.Release|Any CPU.ActiveCfg = Release|Any CPU
		{84AADB69-5AAF-EF38-EE58-4714C5256EBB}.Release|Any CPU.Build.0 = Release|Any CPU
		{8B785720-A1C6-3FD0-F5A3-A2BEFEF459B7}.Debug|Any CPU.ActiveCfg = Debug|Any CPU
		{8B785720-A1C6-3FD0-F5A3-A2BEFEF459B7}.Debug|Any CPU.Build.0 = Debug|Any CPU
		{8B785720-A1C6-3FD0-F5A3-A2BEFEF459B7}.Release|Any CPU.ActiveCfg = Release|Any CPU
		{8B785720-A1C6-3FD0-F5A3-A2BEFEF459B7}.Release|Any CPU.Build.0 = Release|Any CPU
		{A0B8F369-BC9A-E9B7-5D0F-960C1CD5FC58}.Debug|Any CPU.ActiveCfg = Debug|Any CPU
		{A0B8F369-BC9A-E9B7-5D0F-960C1CD5FC58}.Debug|Any CPU.Build.0 = Debug|Any CPU
		{A0B8F369-BC9A-E9B7-5D0F-960C1CD5FC58}.Release|Any CPU.ActiveCfg = Release|Any CPU
		{A0B8F369-BC9A-E9B7-5D0F-960C1CD5FC58}.Release|Any CPU.Build.0 = Release|Any CPU
	EndGlobalSection
	GlobalSection(SolutionProperties) = preSolution
		HideSolutionNode = FALSE
	EndGlobalSection
	GlobalSection(NestedProjects) = preSolution
		{6D95E8BE-3984-4024-9C38-FD001B9EF0AD} = {C9803491-1112-443A-B4E8-4A1145E6C6D6}
		{61EED481-F72F-4946-1DB6-868B1ECD89E9} = {5631BA3D-3C72-448C-970C-068EBC0847F6}
		{8A562463-3CA4-1416-9A13-69F66BE03EDF} = {B09FDC57-8243-417D-921D-1C93DA92BF70}
		{2E582842-35B9-F129-CFD2-1A6A3B8769B5} = {B09FDC57-8243-417D-921D-1C93DA92BF70}
		{5EE2BDA7-EA55-D5FC-B05D-49E9ECCDA709} = {C9803491-1112-443A-B4E8-4A1145E6C6D6}
		{B6CEA4E0-C344-5112-C94A-A67FCEFAF1D1} = {E998605F-03C3-4927-A5F7-84AD51C8BAB8}
		{85F32B63-F296-7809-C2E3-A42AF4DA0B2E} = {E998605F-03C3-4927-A5F7-84AD51C8BAB8}
		{8BAF98CE-29A1-EED2-F313-DB4C104DAB22} = {2E87FC07-2287-4320-8C7A-FDBB3301E6B0}
		{03EB09EF-6E3C-6532-3001-7111330952A7} = {81050666-3144-4BF8-89AD-6F66D28E0542}
		{E486223A-53DC-AF64-6C99-B0ADC7F25DE5} = {81050666-3144-4BF8-89AD-6F66D28E0542}
		{92BD57EE-21E8-EC1B-684E-8E87A8344381} = {93A73CE3-A06D-44A7-9B74-93376FA8D683}
		{384262B3-CEE2-5520-C43B-5A6FF93217F1} = {93A73CE3-A06D-44A7-9B74-93376FA8D683}
		{84AADB69-5AAF-EF38-EE58-4714C5256EBB} = {92F5477C-6F3A-43F5-BD4F-7E83FAC44D73}
		{8B785720-A1C6-3FD0-F5A3-A2BEFEF459B7} = {89D4FE3E-C5CC-4C7F-A789-91969684A4E1}
		{A0B8F369-BC9A-E9B7-5D0F-960C1CD5FC58} = {89D4FE3E-C5CC-4C7F-A789-91969684A4E1}
		{92F5477C-6F3A-43F5-BD4F-7E83FAC44D73} = {02EA681E-C7D8-13C7-8484-4AC65E1B71E8}
		{93A73CE3-A06D-44A7-9B74-93376FA8D683} = {02EA681E-C7D8-13C7-8484-4AC65E1B71E8}
		{89D4FE3E-C5CC-4C7F-A789-91969684A4E1} = {02EA681E-C7D8-13C7-8484-4AC65E1B71E8}
		{5631BA3D-3C72-448C-970C-068EBC0847F6} = {9CFEEB58-23B8-49F8-B3CE-769177FE5FEE}
		{C9803491-1112-443A-B4E8-4A1145E6C6D6} = {9CFEEB58-23B8-49F8-B3CE-769177FE5FEE}
		{B09FDC57-8243-417D-921D-1C93DA92BF70} = {9CFEEB58-23B8-49F8-B3CE-769177FE5FEE}
		{2E87FC07-2287-4320-8C7A-FDBB3301E6B0} = {6AC7CB2D-1AA2-46CC-81D4-32855F7AED10}
		{E998605F-03C3-4927-A5F7-84AD51C8BAB8} = {6AC7CB2D-1AA2-46CC-81D4-32855F7AED10}
		{81050666-3144-4BF8-89AD-6F66D28E0542} = {6AC7CB2D-1AA2-46CC-81D4-32855F7AED10}
	EndGlobalSection
	GlobalSection(ExtensibilityGlobals) = postSolution
		SolutionGuid = {E597DE44-79FD-417C-A199-6FAF39318E52}
	EndGlobalSection
EndGlobal
